
Microsoft Visual Studio Solution File, Format Version 12.00
# Visual Studio Version 17
VisualStudioVersion = 17.0.31903.59
MinimumVisualStudioVersion = 10.0.40219.1
Project("{2150E333-8FDC-42A3-9474-1A3956D46DE8}") = "src", "src", "{827E0CD3-B72D-47B6-A68D-7590B98EB39B}"
EndProject
Project("{2150E333-8FDC-42A3-9474-1A3956D46DE8}") = "Shared", "Shared", "{C8E42992-5E42-0C2B-DBFE-AA848D06431C}"
EndProject
Project("{FAE04EC0-301F-11D3-BF4B-00C04F79EFBC}") = "SpazaSure.Shared", "src\Shared\SpazaSure.Shared\SpazaSure.Shared.csproj", "{84B8FCD9-0444-4672-A650-3FE4AAB742A6}"
EndProject
Project("{FAE04EC0-301F-11D3-BF4B-00C04F79EFBC}") = "SpazaSure.Infrastructure", "src\Shared\SpazaSure.Infrastructure\SpazaSure.Infrastructure.csproj", "{DE879A09-23B5-41F1-A089-662371BEE346}"
EndProject
Project("{2150E333-8FDC-42A3-9474-1A3956D46DE8}") = "Services", "Services", "{984BB9B3-3FA3-BE33-9484-CAC21695A33C}"
EndProject
Project("{FAE04EC0-301F-11D3-BF4B-00C04F79EFBC}") = "SpazaSure.AuthService", "src\Services\SpazaSure.AuthService\SpazaSure.AuthService.csproj", "{1F3D60D8-B762-4A5F-86D9-AC97BC702E95}"
EndProject
Project("{FAE04EC0-301F-11D3-BF4B-00C04F79EFBC}") = "SpazaSure.UserService", "src\Services\SpazaSure.UserService\SpazaSure.UserService.csproj", "{33C265BB-D07B-4212-ADE8-C75A39D2FB8F}"
EndProject
Project("{FAE04EC0-301F-11D3-BF4B-00C04F79EFBC}") = "SpazaSure.ProductService", "src\Services\SpazaSure.ProductService\SpazaSure.ProductService.csproj", "{454BC620-00A1-4C8A-A3A4-19F882813933}"
EndProject
Project("{FAE04EC0-301F-11D3-BF4B-00C04F79EFBC}") = "SpazaSure.OrderService", "src\Services\SpazaSure.OrderService\SpazaSure.OrderService.csproj", "{6C9FF795-BF4E-4DBD-90CE-7F1A51E201D7}"
EndProject
Project("{FAE04EC0-301F-11D3-BF4B-00C04F79EFBC}") = "SpazaSure.PaymentService", "src\Services\SpazaSure.PaymentService\SpazaSure.PaymentService.csproj", "{6FC3246B-266B-48A5-9CD2-18FB5FC701F0}"
EndProject
Project("{FAE04EC0-301F-11D3-BF4B-00C04F79EFBC}") = "SpazaSure.ComplianceService", "src\Services\SpazaSure.ComplianceService\SpazaSure.ComplianceService.csproj", "{A1294C86-8222-46A5-8572-F9E6640FB6F2}"
EndProject
Project("{FAE04EC0-301F-11D3-BF4B-00C04F79EFBC}") = "SpazaSure.DeliveryService", "src\Services\SpazaSure.DeliveryService\SpazaSure.DeliveryService.csproj", "{C8CFD5F5-0188-4DFB-A49C-7A961AC022C9}"
EndProject
Project("{FAE04EC0-301F-11D3-BF4B-00C04F79EFBC}") = "SpazaSure.VerificationService", "src\Services\SpazaSure.VerificationService\SpazaSure.VerificationService.csproj", "{2EC28C93-BC2E-4650-816A-97D2CCE6F355}"
EndProject
Project("{FAE04EC0-301F-11D3-BF4B-00C04F79EFBC}") = "SpazaSure.NotificationService", "src\Services\SpazaSure.NotificationService\SpazaSure.NotificationService.csproj", "{91612F2A-F0CD-4534-B695-D3397C2B9BB5}"
EndProject
Project("{FAE04EC0-301F-11D3-BF4B-00C04F79EFBC}") = "SpazaSure.AnalyticsService", "src\Services\SpazaSure.AnalyticsService\SpazaSure.AnalyticsService.csproj", "{44AC2220-EC8E-4B56-81F2-2DEBA85B6480}"
EndProject
Project("{2150E333-8FDC-42A3-9474-1A3956D46DE8}") = "Gateway", "Gateway", "{6306A8FB-679E-111F-6585-8F70E0EE6013}"
EndProject
Project("{FAE04EC0-301F-11D3-BF4B-00C04F79EFBC}") = "SpazaSure.Gateway", "src\Gateway\SpazaSure.Gateway\SpazaSure.Gateway.csproj", "{B901241F-8E0B-4AB1-8560-8E8AE8387900}"
EndProject
Project("{2150E333-8FDC-42A3-9474-1A3956D46DE8}") = "tests", "tests", "{0AB3BF05-4346-4AA6-1389-037BE0695223}"
EndProject
Project("{FAE04EC0-301F-11D3-BF4B-00C04F79EFBC}") = "SpazaSure.Tests", "tests\SpazaSure.Tests\SpazaSure.Tests.csproj", "{5A73E8BC-BF86-49E2-B304-C9415AF52701}"
EndProject
Global
	GlobalSection(SolutionConfigurationPlatforms) = preSolution
		Debug|Any CPU = Debug|Any CPU
		Debug|x64 = Debug|x64
		Debug|x86 = Debug|x86
		Release|Any CPU = Release|Any CPU
		Release|x64 = Release|x64
		Release|x86 = Release|x86
	EndGlobalSection
	GlobalSection(ProjectConfigurationPlatforms) = postSolution
		{84B8FCD9-0444-4672-A650-3FE4AAB742A6}.Debug|Any CPU.ActiveCfg = Debug|Any CPU
		{84B8FCD9-0444-4672-A650-3FE4AAB742A6}.Debug|Any CPU.Build.0 = Debug|Any CPU
		{84B8FCD9-0444-4672-A650-3FE4AAB742A6}.Debug|x64.ActiveCfg = Debug|Any CPU
		{84B8FCD9-0444-4672-A650-3FE4AAB742A6}.Debug|x64.Build.0 = Debug|Any CPU
		{84B8FCD9-0444-4672-A650-3FE4AAB742A6}.Debug|x86.ActiveCfg = Debug|Any CPU
		{84B8FCD9-0444-4672-A650-3FE4AAB742A6}.Debug|x86.Build.0 = Debug|Any CPU
		{84B8FCD9-0444-4672-A650-3FE4AAB742A6}.Release|Any CPU.ActiveCfg = Release|Any CPU
		{84B8FCD9-0444-4672-A650-3FE4AAB742A6}.Release|Any CPU.Build.0 = Release|Any CPU
		{84B8FCD9-0444-4672-A650-3FE4AAB742A6}.Release|x64.ActiveCfg = Release|Any CPU
		{84B8FCD9-0444-4672-A650-3FE4AAB742A6}.Release|x64.Build.0 = Release|Any CPU
		{84B8FCD9-0444-4672-A650-3FE4AAB742A6}.Release|x86.ActiveCfg = Release|Any CPU
		{84B8FCD9-0444-4672-A650-3FE4AAB742A6}.Release|x86.Build.0 = Release|Any CPU
		{DE879A09-23B5-41F1-A089-662371BEE346}.Debug|Any CPU.ActiveCfg = Debug|Any CPU
		{DE879A09-23B5-41F1-A089-662371BEE346}.Debug|Any CPU.Build.0 = Debug|Any CPU
		{DE879A09-23B5-41F1-A089-662371BEE346}.Debug|x64.ActiveCfg = Debug|Any CPU
		{DE879A09-23B5-41F1-A089-662371BEE346}.Debug|x64.Build.0 = Debug|Any CPU
		{DE879A09-23B5-41F1-A089-662371BEE346}.Debug|x86.ActiveCfg = Debug|Any CPU
		{DE879A09-23B5-41F1-A089-662371BEE346}.Debug|x86.Build.0 = Debug|Any CPU
		{DE879A09-23B5-41F1-A089-662371BEE346}.Release|Any CPU.ActiveCfg = Release|Any CPU
		{DE879A09-23B5-41F1-A089-662371BEE346}.Release|Any CPU.Build.0 = Release|Any CPU
		{DE879A09-23B5-41F1-A089-662371BEE346}.Release|x64.ActiveCfg = Release|Any CPU
		{DE879A09-23B5-41F1-A089-662371BEE346}.Release|x64.Build.0 = Release|Any CPU
		{DE879A09-23B5-41F1-A089-662371BEE346}.Release|x86.ActiveCfg = Release|Any CPU
		{DE879A09-23B5-41F1-A089-662371BEE346}.Release|x86.Build.0 = Release|Any CPU
		{1F3D60D8-B762-4A5F-86D9-AC97BC702E95}.Debug|Any CPU.ActiveCfg = Debug|Any CPU
		{1F3D60D8-B762-4A5F-86D9-AC97BC702E95}.Debug|Any CPU.Build.0 = Debug|Any CPU
		{1F3D60D8-B762-4A5F-86D9-AC97BC702E95}.Debug|x64.ActiveCfg = Debug|Any CPU
		{1F3D60D8-B762-4A5F-86D9-AC97BC702E95}.Debug|x64.Build.0 = Debug|Any CPU
		{1F3D60D8-B762-4A5F-86D9-AC97BC702E95}.Debug|x86.ActiveCfg = Debug|Any CPU
		{1F3D60D8-B762-4A5F-86D9-AC97BC702E95}.Debug|x86.Build.0 = Debug|Any CPU
		{1F3D60D8-B762-4A5F-86D9-AC97BC702E95}.Release|Any CPU.ActiveCfg = Release|Any CPU
		{1F3D60D8-B762-4A5F-86D9-AC97BC702E95}.Release|Any CPU.Build.0 = Release|Any CPU
		{1F3D60D8-B762-4A5F-86D9-AC97BC702E95}.Release|x64.ActiveCfg = Release|Any CPU
		{1F3D60D8-B762-4A5F-86D9-AC97BC702E95}.Release|x64.Build.0 = Release|Any CPU
		{1F3D60D8-B762-4A5F-86D9-AC97BC702E95}.Release|x86.ActiveCfg = Release|Any CPU
		{1F3D60D8-B762-4A5F-86D9-AC97BC702E95}.Release|x86.Build.0 = Release|Any CPU
		{33C265BB-D07B-4212-ADE8-C75A39D2FB8F}.Debug|Any CPU.ActiveCfg = Debug|Any CPU
		{33C265BB-D07B-4212-ADE8-C75A39D2FB8F}.Debug|Any CPU.Build.0 = Debug|Any CPU
		{33C265BB-D07B-4212-ADE8-C75A39D2FB8F}.Debug|x64.ActiveCfg = Debug|Any CPU
		{33C265BB-D07B-4212-ADE8-C75A39D2FB8F}.Debug|x64.Build.0 = Debug|Any CPU
		{33C265BB-D07B-4212-ADE8-C75A39D2FB8F}.Debug|x86.ActiveCfg = Debug|Any CPU
		{33C265BB-D07B-4212-ADE8-C75A39D2FB8F}.Debug|x86.Build.0 = Debug|Any CPU
		{33C265BB-D07B-4212-ADE8-C75A39D2FB8F}.Release|Any CPU.ActiveCfg = Release|Any CPU
		{33C265BB-D07B-4212-ADE8-C75A39D2FB8F}.Release|Any CPU.Build.0 = Release|Any CPU
		{33C265BB-D07B-4212-ADE8-C75A39D2FB8F}.Release|x64.ActiveCfg = Release|Any CPU
		{33C265BB-D07B-4212-ADE8-C75A39D2FB8F}.Release|x64.Build.0 = Release|Any CPU
		{33C265BB-D07B-4212-ADE8-C75A39D2FB8F}.Release|x86.ActiveCfg = Release|Any CPU
		{33C265BB-D07B-4212-ADE8-C75A39D2FB8F}.Release|x86.Build.0 = Release|Any CPU
		{454BC620-00A1-4C8A-A3A4-19F882813933}.Debug|Any CPU.ActiveCfg = Debug|Any CPU
		{454BC620-00A1-4C8A-A3A4-19F882813933}.Debug|Any CPU.Build.0 = Debug|Any CPU
		{454BC620-00A1-4C8A-A3A4-19F882813933}.Debug|x64.ActiveCfg = Debug|Any CPU
		{454BC620-00A1-4C8A-A3A4-19F882813933}.Debug|x64.Build.0 = Debug|Any CPU
		{454BC620-00A1-4C8A-A3A4-19F882813933}.Debug|x86.ActiveCfg = Debug|Any CPU
		{454BC620-00A1-4C8A-A3A4-19F882813933}.Debug|x86.Build.0 = Debug|Any CPU
		{454BC620-00A1-4C8A-A3A4-19F882813933}.Release|Any CPU.ActiveCfg = Release|Any CPU
		{454BC620-00A1-4C8A-A3A4-19F882813933}.Release|Any CPU.Build.0 = Release|Any CPU
		{454BC620-00A1-4C8A-A3A4-19F882813933}.Release|x64.ActiveCfg = Release|Any CPU
		{454BC620-00A1-4C8A-A3A4-19F882813933}.Release|x64.Build.0 = Release|Any CPU
		{454BC620-00A1-4C8A-A3A4-19F882813933}.Release|x86.ActiveCfg = Release|Any CPU
		{454BC620-00A1-4C8A-A3A4-19F882813933}.Release|x86.Build.0 = Release|Any CPU
		{6C9FF795-BF4E-4DBD-90CE-7F1A51E201D7}.Debug|Any CPU.ActiveCfg = Debug|Any CPU
		{6C9FF795-BF4E-4DBD-90CE-7F1A51E201D7}.Debug|Any CPU.Build.0 = Debug|Any CPU
		{6C9FF795-BF4E-4DBD-90CE-7F1A51E201D7}.Debug|x64.ActiveCfg = Debug|Any CPU
		{6C9FF795-BF4E-4DBD-90CE-7F1A51E201D7}.Debug|x64.Build.0 = Debug|Any CPU
		{6C9FF795-BF4E-4DBD-90CE-7F1A51E201D7}.Debug|x86.ActiveCfg = Debug|Any CPU
		{6C9FF795-BF4E-4DBD-90CE-7F1A51E201D7}.Debug|x86.Build.0 = Debug|Any CPU
		{6C9FF795-BF4E-4DBD-90CE-7F1A51E201D7}.Release|Any CPU.ActiveCfg = Release|Any CPU
		{6C9FF795-BF4E-4DBD-90CE-7F1A51E201D7}.Release|Any CPU.Build.0 = Release|Any CPU
		{6C9FF795-BF4E-4DBD-90CE-7F1A51E201D7}.Release|x64.ActiveCfg = Release|Any CPU
		{6C9FF795-BF4E-4DBD-90CE-7F1A51E201D7}.Release|x64.Build.0 = Release|Any CPU
		{6C9FF795-BF4E-4DBD-90CE-7F1A51E201D7}.Release|x86.ActiveCfg = Release|Any CPU
		{6C9FF795-BF4E-4DBD-90CE-7F1A51E201D7}.Release|x86.Build.0 = Release|Any CPU
		{6FC3246B-266B-48A5-9CD2-18FB5FC701F0}.Debug|Any CPU.ActiveCfg = Debug|Any CPU
		{6FC3246B-266B-48A5-9CD2-18FB5FC701F0}.Debug|Any CPU.Build.0 = Debug|Any CPU
		{6FC3246B-266B-48A5-9CD2-18FB5FC701F0}.Debug|x64.ActiveCfg = Debug|Any CPU
		{6FC3246B-266B-48A5-9CD2-18FB5FC701F0}.Debug|x64.Build.0 = Debug|Any CPU
		{6FC3246B-266B-48A5-9CD2-18FB5FC701F0}.Debug|x86.ActiveCfg = Debug|Any CPU
		{6FC3246B-266B-48A5-9CD2-18FB5FC701F0}.Debug|x86.Build.0 = Debug|Any CPU
		{6FC3246B-266B-48A5-9CD2-18FB5FC701F0}.Release|Any CPU.ActiveCfg = Release|Any CPU
		{6FC3246B-266B-48A5-9CD2-18FB5FC701F0}.Release|Any CPU.Build.0 = Release|Any CPU
		{6FC3246B-266B-48A5-9CD2-18FB5FC701F0}.Release|x64.ActiveCfg = Release|Any CPU
		{6FC3246B-266B-48A5-9CD2-18FB5FC701F0}.Release|x64.Build.0 = Release|Any CPU
		{6FC3246B-266B-48A5-9CD2-18FB5FC701F0}.Release|x86.ActiveCfg = Release|Any CPU
		{6FC3246B-266B-48A5-9CD2-18FB5FC701F0}.Release|x86.Build.0 = Release|Any CPU
		{A1294C86-8222-46A5-8572-F9E6640FB6F2}.Debug|Any CPU.ActiveCfg = Debug|Any CPU
		{A1294C86-8222-46A5-8572-F9E6640FB6F2}.Debug|Any CPU.Build.0 = Debug|Any CPU
		{A1294C86-8222-46A5-8572-F9E6640FB6F2}.Debug|x64.ActiveCfg = Debug|Any CPU
		{A1294C86-8222-46A5-8572-F9E6640FB6F2}.Debug|x64.Build.0 = Debug|Any CPU
		{A1294C86-8222-46A5-8572-F9E6640FB6F2}.Debug|x86.ActiveCfg = Debug|Any CPU
		{A1294C86-8222-46A5-8572-F9E6640FB6F2}.Debug|x86.Build.0 = Debug|Any CPU
		{A1294C86-8222-46A5-8572-F9E6640FB6F2}.Release|Any CPU.ActiveCfg = Release|Any CPU
		{A1294C86-8222-46A5-8572-F9E6640FB6F2}.Release|Any CPU.Build.0 = Release|Any CPU
		{A1294C86-8222-46A5-8572-F9E6640FB6F2}.Release|x64.ActiveCfg = Release|Any CPU
		{A1294C86-8222-46A5-8572-F9E6640FB6F2}.Release|x64.Build.0 = Release|Any CPU
		{A1294C86-8222-46A5-8572-F9E6640FB6F2}.Release|x86.ActiveCfg = Release|Any CPU
		{A1294C86-8222-46A5-8572-F9E6640FB6F2}.Release|x86.Build.0 = Release|Any CPU
		{C8CFD5F5-0188-4DFB-A49C-7A961AC022C9}.Debug|Any CPU.ActiveCfg = Debug|Any CPU
		{C8CFD5F5-0188-4DFB-A49C-7A961AC022C9}.Debug|Any CPU.Build.0 = Debug|Any CPU
		{C8CFD5F5-0188-4DFB-A49C-7A961AC022C9}.Debug|x64.ActiveCfg = Debug|Any CPU
		{C8CFD5F5-0188-4DFB-A49C-7A961AC022C9}.Debug|x64.Build.0 = Debug|Any CPU
		{C8CFD5F5-0188-4DFB-A49C-7A961AC022C9}.Debug|x86.ActiveCfg = Debug|Any CPU
		{C8CFD5F5-0188-4DFB-A49C-7A961AC022C9}.Debug|x86.Build.0 = Debug|Any CPU
		{C8CFD5F5-0188-4DFB-A49C-7A961AC022C9}.Release|Any CPU.ActiveCfg = Release|Any CPU
		{C8CFD5F5-0188-4DFB-A49C-7A961AC022C9}.Release|Any CPU.Build.0 = Release|Any CPU
		{C8CFD5F5-0188-4DFB-A49C-7A961AC022C9}.Release|x64.ActiveCfg = Release|Any CPU
		{C8CFD5F5-0188-4DFB-A49C-7A961AC022C9}.Release|x64.Build.0 = Release|Any CPU
		{C8CFD5F5-0188-4DFB-A49C-7A961AC022C9}.Release|x86.ActiveCfg = Release|Any CPU
		{C8CFD5F5-0188-4DFB-A49C-7A961AC022C9}.Release|x86.Build.0 = Release|Any CPU
		{2EC28C93-BC2E-4650-816A-97D2CCE6F355}.Debug|Any CPU.ActiveCfg = Debug|Any CPU
		{2EC28C93-BC2E-4650-816A-97D2CCE6F355}.Debug|Any CPU.Build.0 = Debug|Any CPU
		{2EC28C93-BC2E-4650-816A-97D2CCE6F355}.Debug|x64.ActiveCfg = Debug|Any CPU
		{2EC28C93-BC2E-4650-816A-97D2CCE6F355}.Debug|x64.Build.0 = Debug|Any CPU
		{2EC28C93-BC2E-4650-816A-97D2CCE6F355}.Debug|x86.ActiveCfg = Debug|Any CPU
		{2EC28C93-BC2E-4650-816A-97D2CCE6F355}.Debug|x86.Build.0 = Debug|Any CPU
		{2EC28C93-BC2E-4650-816A-97D2CCE6F355}.Release|Any CPU.ActiveCfg = Release|Any CPU
		{2EC28C93-BC2E-4650-816A-97D2CCE6F355}.Release|Any CPU.Build.0 = Release|Any CPU
		{2EC28C93-BC2E-4650-816A-97D2CCE6F355}.Release|x64.ActiveCfg = Release|Any CPU
		{2EC28C93-BC2E-4650-816A-97D2CCE6F355}.Release|x64.Build.0 = Release|Any CPU
		{2EC28C93-BC2E-4650-816A-97D2CCE6F355}.Release|x86.ActiveCfg = Release|Any CPU
		{2EC28C93-BC2E-4650-816A-97D2CCE6F355}.Release|x86.Build.0 = Release|Any CPU
		{91612F2A-F0CD-4534-B695-D3397C2B9BB5}.Debug|Any CPU.ActiveCfg = Debug|Any CPU
		{91612F2A-F0CD-4534-B695-D3397C2B9BB5}.Debug|Any CPU.Build.0 = Debug|Any CPU
		{91612F2A-F0CD-4534-B695-D3397C2B9BB5}.Debug|x64.ActiveCfg = Debug|Any CPU
		{91612F2A-F0CD-4534-B695-D3397C2B9BB5}.Debug|x64.Build.0 = Debug|Any CPU
		{91612F2A-F0CD-4534-B695-D3397C2B9BB5}.Debug|x86.ActiveCfg = Debug|Any CPU
		{91612F2A-F0CD-4534-B695-D3397C2B9BB5}.Debug|x86.Build.0 = Debug|Any CPU
		{91612F2A-F0CD-4534-B695-D3397C2B9BB5}.Release|Any CPU.ActiveCfg = Release|Any CPU
		{91612F2A-F0CD-4534-B695-D3397C2B9BB5}.Release|Any CPU.Build.0 = Release|Any CPU
		{91612F2A-F0CD-4534-B695-D3397C2B9BB5}.Release|x64.ActiveCfg = Release|Any CPU
		{91612F2A-F0CD-4534-B695-D3397C2B9BB5}.Release|x64.Build.0 = Release|Any CPU
		{91612F2A-F0CD-4534-B695-D3397C2B9BB5}.Release|x86.ActiveCfg = Release|Any CPU
		{91612F2A-F0CD-4534-B695-D3397C2B9BB5}.Release|x86.Build.0 = Release|Any CPU
		{44AC2220-EC8E-4B56-81F2-2DEBA85B6480}.Debug|Any CPU.ActiveCfg = Debug|Any CPU
		{44AC2220-EC8E-4B56-81F2-2DEBA85B6480}.Debug|Any CPU.Build.0 = Debug|Any CPU
		{44AC2220-EC8E-4B56-81F2-2DEBA85B6480}.Debug|x64.ActiveCfg = Debug|Any CPU
		{44AC2220-EC8E-4B56-81F2-2DEBA85B6480}.Debug|x64.Build.0 = Debug|Any CPU
		{44AC2220-EC8E-4B56-81F2-2DEBA85B6480}.Debug|x86.ActiveCfg = Debug|Any CPU
		{44AC2220-EC8E-4B56-81F2-2DEBA85B6480}.Debug|x86.Build.0 = Debug|Any CPU
		{44AC2220-EC8E-4B56-81F2-2DEBA85B6480}.Release|Any CPU.ActiveCfg = Release|Any CPU
		{44AC2220-EC8E-4B56-81F2-2DEBA85B6480}.Release|Any CPU.Build.0 = Release|Any CPU
		{44AC2220-EC8E-4B56-81F2-2DEBA85B6480}.Release|x64.ActiveCfg = Release|Any CPU
		{44AC2220-EC8E-4B56-81F2-2DEBA85B6480}.Release|x64.Build.0 = Release|Any CPU
		{44AC2220-EC8E-4B56-81F2-2DEBA85B6480}.Release|x86.ActiveCfg = Release|Any CPU
		{44AC2220-EC8E-4B56-81F2-2DEBA85B6480}.Release|x86.Build.0 = Release|Any CPU
		{B901241F-8E0B-4AB1-8560-8E8AE8387900}.Debug|Any CPU.ActiveCfg = Debug|Any CPU
		{B901241F-8E0B-4AB1-8560-8E8AE8387900}.Debug|Any CPU.Build.0 = Debug|Any CPU
		{B901241F-8E0B-4AB1-8560-8E8AE8387900}.Debug|x64.ActiveCfg = Debug|Any CPU
		{B901241F-8E0B-4AB1-8560-8E8AE8387900}.Debug|x64.Build.0 = Debug|Any CPU
		{B901241F-8E0B-4AB1-8560-8E8AE8387900}.Debug|x86.ActiveCfg = Debug|Any CPU
		{B901241F-8E0B-4AB1-8560-8E8AE8387900}.Debug|x86.Build.0 = Debug|Any CPU
		{B901241F-8E0B-4AB1-8560-8E8AE8387900}.Release|Any CPU.ActiveCfg = Release|Any CPU
		{B901241F-8E0B-4AB1-8560-8E8AE8387900}.Release|Any CPU.Build.0 = Release|Any CPU
		{B901241F-8E0B-4AB1-8560-8E8AE8387900}.Release|x64.ActiveCfg = Release|Any CPU
		{B901241F-8E0B-4AB1-8560-8E8AE8387900}.Release|x64.Build.0 = Release|Any CPU
		{B901241F-8E0B-4AB1-8560-8E8AE8387900}.Release|x86.ActiveCfg = Release|Any CPU
		{B901241F-8E0B-4AB1-8560-8E8AE8387900}.Release|x86.Build.0 = Release|Any CPU
		{5A73E8BC-BF86-49E2-B304-C9415AF52701}.Debug|Any CPU.ActiveCfg = Debug|Any CPU
		{5A73E8BC-BF86-49E2-B304-C9415AF52701}.Debug|Any CPU.Build.0 = Debug|Any CPU
		{5A73E8BC-BF86-49E2-B304-C9415AF52701}.Debug|x64.ActiveCfg = Debug|Any CPU
		{5A73E8BC-BF86-49E2-B304-C9415AF52701}.Debug|x64.Build.0 = Debug|Any CPU
		{5A73E8BC-BF86-49E2-B304-C9415AF52701}.Debug|x86.ActiveCfg = Debug|Any CPU
		{5A73E8BC-BF86-49E2-B304-C9415AF52701}.Debug|x86.Build.0 = Debug|Any CPU
		{5A73E8BC-BF86-49E2-B304-C9415AF52701}.Release|Any CPU.ActiveCfg = Release|Any CPU
		{5A73E8BC-BF86-49E2-B304-C9415AF52701}.Release|Any CPU.Build.0 = Release|Any CPU
		{5A73E8BC-BF86-49E2-B304-C9415AF52701}.Release|x64.ActiveCfg = Release|Any CPU
		{5A73E8BC-BF86-49E2-B304-C9415AF52701}.Release|x64.Build.0 = Release|Any CPU
		{5A73E8BC-BF86-49E2-B304-C9415AF52701}.Release|x86.ActiveCfg = Release|Any CPU
		{5A73E8BC-BF86-49E2-B304-C9415AF52701}.Release|x86.Build.0 = Release|Any CPU
	EndGlobalSection
	GlobalSection(SolutionProperties) = preSolution
		HideSolutionNode = FALSE
	EndGlobalSection
	GlobalSection(NestedProjects) = preSolution
		{C8E42992-5E42-0C2B-DBFE-AA848D06431C} = {827E0CD3-B72D-47B6-A68D-7590B98EB39B}
		{84B8FCD9-0444-4672-A650-3FE4AAB742A6} = {C8E42992-5E42-0C2B-DBFE-AA848D06431C}
		{DE879A09-23B5-41F1-A089-662371BEE346} = {C8E42992-5E42-0C2B-DBFE-AA848D06431C}
		{984BB9B3-3FA3-BE33-9484-CAC21695A33C} = {827E0CD3-B72D-47B6-A68D-7590B98EB39B}
		{1F3D60D8-B762-4A5F-86D9-AC97BC702E95} = {984BB9B3-3FA3-BE33-9484-CAC21695A33C}
		{33C265BB-D07B-4212-ADE8-C75A39D2FB8F} = {984BB9B3-3FA3-BE33-9484-CAC21695A33C}
		{454BC620-00A1-4C8A-A3A4-19F882813933} = {984BB9B3-3FA3-BE33-9484-CAC21695A33C}
		{6C9FF795-BF4E-4DBD-90CE-7F1A51E201D7} = {984BB9B3-3FA3-BE33-9484-CAC21695A33C}
		{6FC3246B-266B-48A5-9CD2-18FB5FC701F0} = {984BB9B3-3FA3-BE33-9484-CAC21695A33C}
		{A1294C86-8222-46A5-8572-F9E6640FB6F2} = {984BB9B3-3FA3-BE33-9484-CAC21695A33C}
		{C8CFD5F5-0188-4DFB-A49C-7A961AC022C9} = {984BB9B3-3FA3-BE33-9484-CAC21695A33C}
		{2EC28C93-BC2E-4650-816A-97D2CCE6F355} = {984BB9B3-3FA3-BE33-9484-CAC21695A33C}
		{91612F2A-F0CD-4534-B695-D3397C2B9BB5} = {984BB9B3-3FA3-BE33-9484-CAC21695A33C}
		{44AC2220-EC8E-4B56-81F2-2DEBA85B6480} = {984BB9B3-3FA3-BE33-9484-CAC21695A33C}
		{6306A8FB-679E-111F-6585-8F70E0EE6013} = {827E0CD3-B72D-47B6-A68D-7590B98EB39B}
		{B901241F-8E0B-4AB1-8560-8E8AE8387900} = {6306A8FB-679E-111F-6585-8F70E0EE6013}
		{5A73E8BC-BF86-49E2-B304-C9415AF52701} = {0AB3BF05-4346-4AA6-1389-037BE0695223}
	EndGlobalSection
EndGlobal
